
Microsoft Visual Studio Solution File, Format Version 12.00
# Visual Studio Version 17
VisualStudioVersion = 17.9.34701.34
MinimumVisualStudioVersion = 10.0.40219.1
Project("{FAE04EC0-301F-11D3-BF4B-00C04F79EFBC}") = "DaemonNET", "DaemonNET.csproj", "{47B70AFE-3A46-4B34-98D9-38C0C59B97C8}"
EndProject
Global
	GlobalSection(SolutionConfigurationPlatforms) = preSolution
		Debug|Any CPU = Debug|Any CPU
		Release|Any CPU = Release|Any CPU
	EndGlobalSection
	GlobalSection(ProjectConfigurationPlatforms) = postSolution
		{47B70AFE-3A46-4B34-98D9-38C0C59B97C8}.Debug|Any CPU.ActiveCfg = Debug|Any CPU
		{47B70AFE-3A46-4B34-98D9-38C0C59B97C8}.Debug|Any CPU.Build.0 = Debug|Any CPU
		{47B70AFE-3A46-4B34-98D9-38C0C59B97C8}.Release|Any CPU.ActiveCfg = Release|Any CPU
		{47B70AFE-3A46-4B34-98D9-38C0C59B97C8}.Release|Any CPU.Build.0 = Release|Any CPU
	EndGlobalSection
	GlobalSection(SolutionProperties) = preSolution
		HideSolutionNode = FALSE
	EndGlobalSection
	GlobalSection(ExtensibilityGlobals) = postSolution
		SolutionGuid = {82A60441-D483-4618-B3E6-AADC2E24F43A}
	EndGlobalSection
EndGlobal
